
Microsoft Visual Studio Solution File, Format Version 12.00
# Visual Studio 14
VisualStudioVersion = 14.0.25123.0
MinimumVisualStudioVersion = 10.0.40219.1
Project("{8BC9CEB8-8B4A-11D0-8D11-00A0C91BC942}") = "engine-base", "engine-base\engine-base.vcxproj", "{93122770-A683-44FC-B65C-2A60E9961F3F}"
	ProjectSection(ProjectDependencies) = postProject
		{98D6B51B-CB0A-4389-ADC6-24082B967C3F} = {98D6B51B-CB0A-4389-ADC6-24082B967C3F}
	EndProjectSection
EndProject
Project("{8BC9CEB8-8B4A-11D0-8D11-00A0C91BC942}") = "engine-audio", "engine-audio\engine-audio.vcxproj", "{A151294C-574D-419B-BA76-648956A2C0A9}"
	ProjectSection(ProjectDependencies) = postProject
		{98D6B51B-CB0A-4389-ADC6-24082B967C3F} = {98D6B51B-CB0A-4389-ADC6-24082B967C3F}
		{93122770-A683-44FC-B65C-2A60E9961F3F} = {93122770-A683-44FC-B65C-2A60E9961F3F}
	EndProjectSection
EndProject
Project("{8BC9CEB8-8B4A-11D0-8D11-00A0C91BC942}") = "engine-input", "engine-input\engine-input.vcxproj", "{89F1EFCF-9D4E-435C-8DE9-32B0063F6F35}"
	ProjectSection(ProjectDependencies) = postProject
		{98D6B51B-CB0A-4389-ADC6-24082B967C3F} = {98D6B51B-CB0A-4389-ADC6-24082B967C3F}
		{93122770-A683-44FC-B65C-2A60E9961F3F} = {93122770-A683-44FC-B65C-2A60E9961F3F}
	EndProjectSection
EndProject
Project("{8BC9CEB8-8B4A-11D0-8D11-00A0C91BC942}") = "engine-physics", "engine-physics\engine-physics.vcxproj", "{18CBB597-6C5C-43BD-99B6-572201181493}"
	ProjectSection(ProjectDependencies) = postProject
		{98D6B51B-CB0A-4389-ADC6-24082B967C3F} = {98D6B51B-CB0A-4389-ADC6-24082B967C3F}
		{93122770-A683-44FC-B65C-2A60E9961F3F} = {93122770-A683-44FC-B65C-2A60E9961F3F}
	EndProjectSection
EndProject
Project("{8BC9CEB8-8B4A-11D0-8D11-00A0C91BC942}") = "game", "game\game.vcxproj", "{AD2FB714-2324-47E8-8F0A-CBE57044DD80}"
	ProjectSection(ProjectDependencies) = postProject
		{98D6B51B-CB0A-4389-ADC6-24082B967C3F} = {98D6B51B-CB0A-4389-ADC6-24082B967C3F}
		{A151294C-574D-419B-BA76-648956A2C0A9} = {A151294C-574D-419B-BA76-648956A2C0A9}
		{93122770-A683-44FC-B65C-2A60E9961F3F} = {93122770-A683-44FC-B65C-2A60E9961F3F}
		{18CBB597-6C5C-43BD-99B6-572201181493} = {18CBB597-6C5C-43BD-99B6-572201181493}
		{89F1EFCF-9D4E-435C-8DE9-32B0063F6F35} = {89F1EFCF-9D4E-435C-8DE9-32B0063F6F35}
	EndProjectSection
EndProject
Project("{8BC9CEB8-8B4A-11D0-8D11-00A0C91BC942}") = "nclgl", "nclgl\nclgl.vcxproj", "{98D6B51B-CB0A-4389-ADC6-24082B967C3F}"
EndProject
Global
	GlobalSection(SolutionConfigurationPlatforms) = preSolution
		Debug|Win32 = Debug|Win32
		dummy|Win32 = dummy|Win32
		Release|Win32 = Release|Win32
	EndGlobalSection
	GlobalSection(ProjectConfigurationPlatforms) = postSolution
		{93122770-A683-44FC-B65C-2A60E9961F3F}.Debug|Win32.ActiveCfg = Debug|Win32
		{93122770-A683-44FC-B65C-2A60E9961F3F}.Debug|Win32.Build.0 = Debug|Win32
		{93122770-A683-44FC-B65C-2A60E9961F3F}.dummy|Win32.ActiveCfg = Debug|Win32
		{93122770-A683-44FC-B65C-2A60E9961F3F}.Release|Win32.ActiveCfg = Release|Win32
		{93122770-A683-44FC-B65C-2A60E9961F3F}.Release|Win32.Build.0 = Release|Win32
		{A151294C-574D-419B-BA76-648956A2C0A9}.Debug|Win32.ActiveCfg = Debug|Win32
		{A151294C-574D-419B-BA76-648956A2C0A9}.Debug|Win32.Build.0 = Debug|Win32
		{A151294C-574D-419B-BA76-648956A2C0A9}.dummy|Win32.ActiveCfg = Debug|Win32
		{A151294C-574D-419B-BA76-648956A2C0A9}.Release|Win32.ActiveCfg = Release|Win32
		{A151294C-574D-419B-BA76-648956A2C0A9}.Release|Win32.Build.0 = Release|Win32
		{89F1EFCF-9D4E-435C-8DE9-32B0063F6F35}.Debug|Win32.ActiveCfg = Debug|Win32
		{89F1EFCF-9D4E-435C-8DE9-32B0063F6F35}.Debug|Win32.Build.0 = Debug|Win32
		{89F1EFCF-9D4E-435C-8DE9-32B0063F6F35}.dummy|Win32.ActiveCfg = Debug|Win32
		{89F1EFCF-9D4E-435C-8DE9-32B0063F6F35}.Release|Win32.ActiveCfg = Release|Win32
		{89F1EFCF-9D4E-435C-8DE9-32B0063F6F35}.Release|Win32.Build.0 = Release|Win32
		{18CBB597-6C5C-43BD-99B6-572201181493}.Debug|Win32.ActiveCfg = Debug|Win32
		{18CBB597-6C5C-43BD-99B6-572201181493}.Debug|Win32.Build.0 = Debug|Win32
		{18CBB597-6C5C-43BD-99B6-572201181493}.dummy|Win32.ActiveCfg = Debug|Win32
		{18CBB597-6C5C-43BD-99B6-572201181493}.Release|Win32.ActiveCfg = Release|Win32
		{18CBB597-6C5C-43BD-99B6-572201181493}.Release|Win32.Build.0 = Release|Win32
		{AD2FB714-2324-47E8-8F0A-CBE57044DD80}.Debug|Win32.ActiveCfg = Debug|Win32
		{AD2FB714-2324-47E8-8F0A-CBE57044DD80}.Debug|Win32.Build.0 = Debug|Win32
		{AD2FB714-2324-47E8-8F0A-CBE57044DD80}.dummy|Win32.ActiveCfg = Debug|Win32
		{AD2FB714-2324-47E8-8F0A-CBE57044DD80}.Release|Win32.ActiveCfg = Release|Win32
		{AD2FB714-2324-47E8-8F0A-CBE57044DD80}.Release|Win32.Build.0 = Release|Win32
		{98D6B51B-CB0A-4389-ADC6-24082B967C3F}.Debug|Win32.ActiveCfg = Debug|Win32
		{98D6B51B-CB0A-4389-ADC6-24082B967C3F}.Debug|Win32.Build.0 = Debug|Win32
		{98D6B51B-CB0A-4389-ADC6-24082B967C3F}.dummy|Win32.ActiveCfg = Debug|Win32
		{98D6B51B-CB0A-4389-ADC6-24082B967C3F}.Release|Win32.ActiveCfg = Release|Win32
		{98D6B51B-CB0A-4389-ADC6-24082B967C3F}.Release|Win32.Build.0 = Release|Win32
	EndGlobalSection
	GlobalSection(SolutionProperties) = preSolution
		HideSolutionNode = FALSE
	EndGlobalSection
EndGlobal
